
Microsoft Visual Studio Solution File, Format Version 12.00
# Visual Studio Version 17
VisualStudioVersion = 17.4.33213.308
MinimumVisualStudioVersion = 10.0.40219.1
Project("{888888A0-9F3D-457C-B088-3A5042F75D52}") = "MadLibs program", "MadLibs program\MadLibs program.pyproj", "{EC912DA4-5AA7-4F41-ACFB-BCC001D1725A}"
EndProject
Global
	GlobalSection(SolutionConfigurationPlatforms) = preSolution
		Debug|Any CPU = Debug|Any CPU
		Release|Any CPU = Release|Any CPU
	EndGlobalSection
	GlobalSection(ProjectConfigurationPlatforms) = postSolution
		{EC912DA4-5AA7-4F41-ACFB-BCC001D1725A}.Debug|Any CPU.ActiveCfg = Debug|Any CPU
		{EC912DA4-5AA7-4F41-ACFB-BCC001D1725A}.Release|Any CPU.ActiveCfg = Release|Any CPU
	EndGlobalSection
	GlobalSection(SolutionProperties) = preSolution
		HideSolutionNode = FALSE
	EndGlobalSection
	GlobalSection(ExtensibilityGlobals) = postSolution
		SolutionGuid = {477B8785-9DF7-4DF7-9707-761D2165DDEC}
	EndGlobalSection
EndGlobal
